// !$*UTF8*$!
{
	archiveVersion = 1;
	classes = {
	};
	objectVersion = 46;
	objects = {

/* Begin PBXBuildFile section */
		BD3873EA199E0E3800C8A122 /* GradientView.m in Sources */ = {isa = PBXBuildFile; fileRef = BD3873E7199E0E3800C8A122 /* GradientView.m */; };
		BD3873EB199E0E3800C8A122 /* HorizontalPicker.m in Sources */ = {isa = PBXBuildFile; fileRef = BD3873E9199E0E3800C8A122 /* HorizontalPicker.m */; };
		BD3873ED199E0E6500C8A122 /* Images.xcassets in Resources */ = {isa = PBXBuildFile; fileRef = BD3873EC199E0E6500C8A122 /* Images.xcassets */; };
		BD4CCDEB199CCC4E00CBA176 /* ShutterSpeeds.plist in Resources */ = {isa = PBXBuildFile; fileRef = BD4CCDEA199CCC4E00CBA176 /* ShutterSpeeds.plist */; };
		BD9AF000199A535C000163A3 /* AppDelegate.m in Sources */ = {isa = PBXBuildFile; fileRef = BD9AEFFF199A535C000163A3 /* AppDelegate.m */; };
		BD9AF003199A535C000163A3 /* ViewController.m in Sources */ = {isa = PBXBuildFile; fileRef = BD9AF002199A535C000163A3 /* ViewController.m */; };
		BD9AF006199A535C000163A3 /* Main.storyboard in Resources */ = {isa = PBXBuildFile; fileRef = BD9AF004199A535C000163A3 /* Main.storyboard */; };
		BD9AF014199A535C000163A3 /* TTHorizontalPickerTests.m in Sources */ = {isa = PBXBuildFile; fileRef = BD9AF013199A535C000163A3 /* TTHorizontalPickerTests.m */; };
		BD9AF025199A6F32000163A3 /* NDFilter.plist in Resources */ = {isa = PBXBuildFile; fileRef = BD9AF024199A6F32000163A3 /* NDFilter.plist */; };
		BDF578641AF8B58B005319E5 /* main.m in Sources */ = {isa = PBXBuildFile; fileRef = BDF578631AF8B58B005319E5 /* main.m */; };
/* End PBXBuildFile section */

/* Begin PBXContainerItemProxy section */
		BD9AF00E199A535C000163A3 /* PBXContainerItemProxy */ = {
			isa = PBXContainerItemProxy;
			containerPortal = BD9AEFEF199A535C000163A3 /* Project object */;
			proxyType = 1;
			remoteGlobalIDString = BD9AEFF6199A535C000163A3;
			remoteInfo = TTHorizontalPicker;
		};
/* End PBXContainerItemProxy section */

/* Begin PBXFileReference section */
		BD3873E6199E0E3800C8A122 /* GradientView.h */ = {isa = PBXFileReference; fileEncoding = 4; lastKnownFileType = sourcecode.c.h; name = GradientView.h; path = ../../Source/GradientView.h; sourceTree = "<group>"; };
		BD3873E7199E0E3800C8A122 /* GradientView.m */ = {isa = PBXFileReference; fileEncoding = 4; lastKnownFileType = sourcecode.c.objc; name = GradientView.m; path = ../../Source/GradientView.m; sourceTree = "<group>"; };
		BD3873E8199E0E3800C8A122 /* HorizontalPicker.h */ = {isa = PBXFileReference; fileEncoding = 4; lastKnownFileType = sourcecode.c.h; name = HorizontalPicker.h; path = ../../Source/HorizontalPicker.h; sourceTree = "<group>"; };
		BD3873E9199E0E3800C8A122 /* HorizontalPicker.m */ = {isa = PBXFileReference; fileEncoding = 4; lastKnownFileType = sourcecode.c.objc; name = HorizontalPicker.m; path = ../../Source/HorizontalPicker.m; sourceTree = "<group>"; };
		BD3873EC199E0E6500C8A122 /* Images.xcassets */ = {isa = PBXFileReference; lastKnownFileType = folder.assetcatalog; path = Images.xcassets; sourceTree = "<group>"; };
		BD4CCDEA199CCC4E00CBA176 /* ShutterSpeeds.plist */ = {isa = PBXFileReference; fileEncoding = 4; lastKnownFileType = text.plist.xml; path = ShutterSpeeds.plist; sourceTree = "<group>"; };
		BD9AEFF7199A535C000163A3 /* TTHorizontalPicker.app */ = {isa = PBXFileReference; explicitFileType = wrapper.application; includeInIndex = 0; path = TTHorizontalPicker.app; sourceTree = BUILT_PRODUCTS_DIR; };
		BD9AEFFB199A535C000163A3 /* Info.plist */ = {isa = PBXFileReference; lastKnownFileType = text.plist.xml; path = Info.plist; sourceTree = "<group>"; };
		BD9AEFFE199A535C000163A3 /* AppDelegate.h */ = {isa = PBXFileReference; lastKnownFileType = sourcecode.c.h; path = AppDelegate.h; sourceTree = "<group>"; };
		BD9AEFFF199A535C000163A3 /* AppDelegate.m */ = {isa = PBXFileReference; lastKnownFileType = sourcecode.c.objc; path = AppDelegate.m; sourceTree = "<group>"; };
		BD9AF001199A535C000163A3 /* ViewController.h */ = {isa = PBXFileReference; lastKnownFileType = sourcecode.c.h; path = ViewController.h; sourceTree = "<group>"; };
		BD9AF002199A535C000163A3 /* ViewController.m */ = {isa = PBXFileReference; lastKnownFileType = sourcecode.c.objc; path = ViewController.m; sourceTree = "<group>"; };
		BD9AF005199A535C000163A3 /* Base */ = {isa = PBXFileReference; lastKnownFileType = file.storyboard; name = Base; path = Base.lproj/Main.storyboard; sourceTree = "<group>"; };
		BD9AF00D199A535C000163A3 /* TTHorizontalPickerTests.xctest */ = {isa = PBXFileReference; explicitFileType = wrapper.cfbundle; includeInIndex = 0; path = TTHorizontalPickerTests.xctest; sourceTree = BUILT_PRODUCTS_DIR; };
		BD9AF012199A535C000163A3 /* Info.plist */ = {isa = PBXFileReference; lastKnownFileType = text.plist.xml; path = Info.plist; sourceTree = "<group>"; };
		BD9AF013199A535C000163A3 /* TTHorizontalPickerTests.m */ = {isa = PBXFileReference; lastKnownFileType = sourcecode.c.objc; path = TTHorizontalPickerTests.m; sourceTree = "<group>"; };
		BD9AF024199A6F32000163A3 /* NDFilter.plist */ = {isa = PBXFileReference; fileEncoding = 4; lastKnownFileType = text.plist.xml; path = NDFilter.plist; sourceTree = "<group>"; };
		BDF578631AF8B58B005319E5 /* main.m */ = {isa = PBXFileReference; fileEncoding = 4; lastKnownFileType = sourcecode.c.objc; path = main.m; sourceTree = "<group>"; };
/* End PBXFileReference section */

/* Begin PBXFrameworksBuildPhase section */
		BD9AEFF4199A535C000163A3 /* Frameworks */ = {
			isa = PBXFrameworksBuildPhase;
			buildActionMask = 2147483647;
			files = (
			);
			runOnlyForDeploymentPostprocessing = 0;
		};
		BD9AF00A199A535C000163A3 /* Frameworks */ = {
			isa = PBXFrameworksBuildPhase;
			buildActionMask = 2147483647;
			files = (
			);
			runOnlyForDeploymentPostprocessing = 0;
		};
/* End PBXFrameworksBuildPhase section */

/* Begin PBXGroup section */
		BD3873DF199E0D7A00C8A122 /* HorizontalPicker */ = {
			isa = PBXGroup;
			children = (
				BD3873E6199E0E3800C8A122 /* GradientView.h */,
				BD3873E7199E0E3800C8A122 /* GradientView.m */,
				BD3873E8199E0E3800C8A122 /* HorizontalPicker.h */,
				BD3873E9199E0E3800C8A122 /* HorizontalPicker.m */,
			);
			name = HorizontalPicker;
			sourceTree = "<group>";
		};
		BD9AEFEE199A535C000163A3 = {
			isa = PBXGroup;
			children = (
				BD9AEFF9199A535C000163A3 /* TTHorizontalPicker */,
				BD9AF010199A535C000163A3 /* TTHorizontalPickerTests */,
				BD9AEFF8199A535C000163A3 /* Products */,
			);
			sourceTree = "<group>";
		};
		BD9AEFF8199A535C000163A3 /* Products */ = {
			isa = PBXGroup;
			children = (
				BD9AEFF7199A535C000163A3 /* TTHorizontalPicker.app */,
				BD9AF00D199A535C000163A3 /* TTHorizontalPickerTests.xctest */,
			);
			name = Products;
			sourceTree = "<group>";
		};
		BD9AEFF9199A535C000163A3 /* TTHorizontalPicker */ = {
			isa = PBXGroup;
			children = (
				BD9AEFFE199A535C000163A3 /* AppDelegate.h */,
				BD9AEFFF199A535C000163A3 /* AppDelegate.m */,
				BD9AF001199A535C000163A3 /* ViewController.h */,
				BD9AF002199A535C000163A3 /* ViewController.m */,
				BD3873DF199E0D7A00C8A122 /* HorizontalPicker */,
				BD9AF004199A535C000163A3 /* Main.storyboard */,
				BD3873EC199E0E6500C8A122 /* Images.xcassets */,
				BD9AEFFA199A535C000163A3 /* Supporting Files */,
			);
			path = TTHorizontalPicker;
			sourceTree = "<group>";
		};
		BD9AEFFA199A535C000163A3 /* Supporting Files */ = {
			isa = PBXGroup;
			children = (
				BDF578631AF8B58B005319E5 /* main.m */,
				BD4CCDEA199CCC4E00CBA176 /* ShutterSpeeds.plist */,
				BD9AF024199A6F32000163A3 /* NDFilter.plist */,
				BD9AEFFB199A535C000163A3 /* Info.plist */,
			);
			name = "Supporting Files";
			sourceTree = "<group>";
		};
		BD9AF010199A535C000163A3 /* TTHorizontalPickerTests */ = {
			isa = PBXGroup;
			children = (
				BD9AF013199A535C000163A3 /* TTHorizontalPickerTests.m */,
				BD9AF011199A535C000163A3 /* Supporting Files */,
			);
			path = TTHorizontalPickerTests;
			sourceTree = "<group>";
		};
		BD9AF011199A535C000163A3 /* Supporting Files */ = {
			isa = PBXGroup;
			children = (
				BD9AF012199A535C000163A3 /* Info.plist */,
			);
			name = "Supporting Files";
			sourceTree = "<group>";
		};
/* End PBXGroup section */

/* Begin PBXNativeTarget section */
		BD9AEFF6199A535C000163A3 /* TTHorizontalPicker */ = {
			isa = PBXNativeTarget;
			buildConfigurationList = BD9AF017199A535C000163A3 /* Build configuration list for PBXNativeTarget "TTHorizontalPicker" */;
			buildPhases = (
				BD9AEFF3199A535C000163A3 /* Sources */,
				BD9AEFF4199A535C000163A3 /* Frameworks */,
				BD9AEFF5199A535C000163A3 /* Resources */,
			);
			buildRules = (
			);
			dependencies = (
			);
			name = TTHorizontalPicker;
			productName = TTHorizontalPicker;
			productReference = BD9AEFF7199A535C000163A3 /* TTHorizontalPicker.app */;
			productType = "com.apple.product-type.application";
		};
		BD9AF00C199A535C000163A3 /* TTHorizontalPickerTests */ = {
			isa = PBXNativeTarget;
			buildConfigurationList = BD9AF01A199A535C000163A3 /* Build configuration list for PBXNativeTarget "TTHorizontalPickerTests" */;
			buildPhases = (
				BD9AF009199A535C000163A3 /* Sources */,
				BD9AF00A199A535C000163A3 /* Frameworks */,
				BD9AF00B199A535C000163A3 /* Resources */,
			);
			buildRules = (
			);
			dependencies = (
				BD9AF00F199A535C000163A3 /* PBXTargetDependency */,
			);
			name = TTHorizontalPickerTests;
			productName = TTHorizontalPickerTests;
			productReference = BD9AF00D199A535C000163A3 /* TTHorizontalPickerTests.xctest */;
			productType = "com.apple.product-type.bundle.unit-test";
		};
/* End PBXNativeTarget section */

/* Begin PBXProject section */
		BD9AEFEF199A535C000163A3 /* Project object */ = {
			isa = PBXProject;
			attributes = {
				LastUpgradeCheck = 0600;
				ORGANIZATIONNAME = Triggertrap;
				TargetAttributes = {
					BD9AEFF6199A535C000163A3 = {
						CreatedOnToolsVersion = 6.0;
					};
					BD9AF00C199A535C000163A3 = {
						CreatedOnToolsVersion = 6.0;
						TestTargetID = BD9AEFF6199A535C000163A3;
					};
				};
			};
			buildConfigurationList = BD9AEFF2199A535C000163A3 /* Build configuration list for PBXProject "TTHorizontalPicker" */;
			compatibilityVersion = "Xcode 3.2";
			developmentRegion = English;
			hasScannedForEncodings = 0;
			knownRegions = (
				en,
				Base,
			);
			mainGroup = BD9AEFEE199A535C000163A3;
			productRefGroup = BD9AEFF8199A535C000163A3 /* Products */;
			projectDirPath = "";
			projectRoot = "";
			targets = (
				BD9AEFF6199A535C000163A3 /* TTHorizontalPicker */,
				BD9AF00C199A535C000163A3 /* TTHorizontalPickerTests */,
			);
		};
/* End PBXProject section */

/* Begin PBXResourcesBuildPhase section */
		BD9AEFF5199A535C000163A3 /* Resources */ = {
			isa = PBXResourcesBuildPhase;
			buildActionMask = 2147483647;
			files = (
				BD4CCDEB199CCC4E00CBA176 /* ShutterSpeeds.plist in Resources */,
				BD3873ED199E0E6500C8A122 /* Images.xcassets in Resources */,
				BD9AF025199A6F32000163A3 /* NDFilter.plist in Resources */,
				BD9AF006199A535C000163A3 /* Main.storyboard in Resources */,
			);
			runOnlyForDeploymentPostprocessing = 0;
		};
		BD9AF00B199A535C000163A3 /* Resources */ = {
			isa = PBXResourcesBuildPhase;
			buildActionMask = 2147483647;
			files = (
			);
			runOnlyForDeploymentPostprocessing = 0;
		};
/* End PBXResourcesBuildPhase section */

/* Begin PBXSourcesBuildPhase section */
		BD9AEFF3199A535C000163A3 /* Sources */ = {
			isa = PBXSourcesBuildPhase;
			buildActionMask = 2147483647;
			files = (
				BDF578641AF8B58B005319E5 /* main.m in Sources */,
				BD3873EA199E0E3800C8A122 /* GradientView.m in Sources */,
				BD3873EB199E0E3800C8A122 /* HorizontalPicker.m in Sources */,
				BD9AF003199A535C000163A3 /* ViewController.m in Sources */,
				BD9AF000199A535C000163A3 /* AppDelegate.m in Sources */,
			);
			runOnlyForDeploymentPostprocessing = 0;
		};
		BD9AF009199A535C000163A3 /* Sources */ = {
			isa = PBXSourcesBuildPhase;
			buildActionMask = 2147483647;
			files = (
				BD9AF014199A535C000163A3 /* TTHorizontalPickerTests.m in Sources */,
			);
			runOnlyForDeploymentPostprocessing = 0;
		};
/* End PBXSourcesBuildPhase section */

/* Begin PBXTargetDependency section */
		BD9AF00F199A535C000163A3 /* PBXTargetDependency */ = {
			isa = PBXTargetDependency;
			target = BD9AEFF6199A535C000163A3 /* TTHorizontalPicker */;
			targetProxy = BD9AF00E199A535C000163A3 /* PBXContainerItemProxy */;
		};
/* End PBXTargetDependency section */

/* Begin PBXVariantGroup section */
		BD9AF004199A535C000163A3 /* Main.storyboard */ = {
			isa = PBXVariantGroup;
			children = (
				BD9AF005199A535C000163A3 /* Base */,
			);
			name = Main.storyboard;
			sourceTree = "<group>";
		};
/* End PBXVariantGroup section */

/* Begin XCBuildConfiguration section */
		BD9AF015199A535C000163A3 /* Debug */ = {
			isa = XCBuildConfiguration;
			buildSettings = {
				ALWAYS_SEARCH_USER_PATHS = NO;
				CLANG_CXX_LANGUAGE_STANDARD = "gnu++0x";
				CLANG_CXX_LIBRARY = "libc++";
				CLANG_ENABLE_MODULES = YES;
				CLANG_ENABLE_OBJC_ARC = YES;
				CLANG_WARN_BOOL_CONVERSION = YES;
				CLANG_WARN_CONSTANT_CONVERSION = YES;
				CLANG_WARN_DIRECT_OBJC_ISA_USAGE = YES_ERROR;
				CLANG_WARN_EMPTY_BODY = YES;
				CLANG_WARN_ENUM_CONVERSION = YES;
				CLANG_WARN_INT_CONVERSION = YES;
				CLANG_WARN_OBJC_ROOT_CLASS = YES_ERROR;
				CLANG_WARN_UNREACHABLE_CODE = YES;
				CLANG_WARN__DUPLICATE_METHOD_MATCH = YES;
				"CODE_SIGN_IDENTITY[sdk=iphoneos*]" = "iPhone Developer";
				COPY_PHASE_STRIP = NO;
				ENABLE_STRICT_OBJC_MSGSEND = YES;
				GCC_C_LANGUAGE_STANDARD = gnu99;
				GCC_DYNAMIC_NO_PIC = NO;
				GCC_OPTIMIZATION_LEVEL = 0;
				GCC_PREPROCESSOR_DEFINITIONS = (
					"DEBUG=1",
					"$(inherited)",
				);
				GCC_SYMBOLS_PRIVATE_EXTERN = NO;
				GCC_WARN_64_TO_32_BIT_CONVERSION = YES;
				GCC_WARN_ABOUT_RETURN_TYPE = YES_ERROR;
				GCC_WARN_UNDECLARED_SELECTOR = YES;
				GCC_WARN_UNINITIALIZED_AUTOS = YES_AGGRESSIVE;
				GCC_WARN_UNUSED_FUNCTION = YES;
				GCC_WARN_UNUSED_VARIABLE = YES;
				IPHONEOS_DEPLOYMENT_TARGET = 7.0;
				MTL_ENABLE_DEBUG_INFO = YES;
				ONLY_ACTIVE_ARCH = YES;
				SDKROOT = iphoneos;
			};
			name = Debug;
		};
		BD9AF016199A535C000163A3 /* Release */ = {
			isa = XCBuildConfiguration;
			buildSettings = {
				ALWAYS_SEARCH_USER_PATHS = NO;
				CLANG_CXX_LANGUAGE_STANDARD = "gnu++0x";
				CLANG_CXX_LIBRARY = "libc++";
				CLANG_ENABLE_MODULES = YES;
				CLANG_ENABLE_OBJC_ARC = YES;
				CLANG_WARN_BOOL_CONVERSION = YES;
				CLANG_WARN_CONSTANT_CONVERSION = YES;
				CLANG_WARN_DIRECT_OBJC_ISA_USAGE = YES_ERROR;
				CLANG_WARN_EMPTY_BODY = YES;
				CLANG_WARN_ENUM_CONVERSION = YES;
				CLANG_WARN_INT_CONVERSION = YES;
				CLANG_WARN_OBJC_ROOT_CLASS = YES_ERROR;
				CLANG_WARN_UNREACHABLE_CODE = YES;
				CLANG_WARN__DUPLICATE_METHOD_MATCH = YES;
				"CODE_SIGN_IDENTITY[sdk=iphoneos*]" = "iPhone Developer";
				COPY_PHASE_STRIP = YES;
				ENABLE_NS_ASSERTIONS = NO;
				ENABLE_STRICT_OBJC_MSGSEND = YES;
				GCC_C_LANGUAGE_STANDARD = gnu99;
				GCC_WARN_64_TO_32_BIT_CONVERSION = YES;
				GCC_WARN_ABOUT_RETURN_TYPE = YES_ERROR;
				GCC_WARN_UNDECLARED_SELECTOR = YES;
				GCC_WARN_UNINITIALIZED_AUTOS = YES_AGGRESSIVE;
				GCC_WARN_UNUSED_FUNCTION = YES;
				GCC_WARN_UNUSED_VARIABLE = YES;
				IPHONEOS_DEPLOYMENT_TARGET = 7.0;
				MTL_ENABLE_DEBUG_INFO = NO;
				SDKROOT = iphoneos;
				VALIDATE_PRODUCT = YES;
			};
			name = Release;
		};
		BD9AF018199A535C000163A3 /* Debug */ = {
			isa = XCBuildConfiguration;
			buildSettings = {
				ASSETCATALOG_COMPILER_APPICON_NAME = AppIcon;
				ASSETCATALOG_COMPILER_LAUNCHIMAGE_NAME = LaunchImage;
				INFOPLIST_FILE = TTHorizontalPicker/Info.plist;
				IPHONEOS_DEPLOYMENT_TARGET = 7.0;
				LD_RUNPATH_SEARCH_PATHS = "$(inherited) @executable_path/Frameworks";
				PRODUCT_NAME = "$(TARGET_NAME)";
				TARGETED_DEVICE_FAMILY = "1,2";
			};
			name = Debug;
		};
		BD9AF019199A535C000163A3 /* Release */ = {
			isa = XCBuildConfiguration;
			buildSettings = {
				ASSETCATALOG_COMPILER_APPICON_NAME = AppIcon;
				ASSETCATALOG_COMPILER_LAUNCHIMAGE_NAME = LaunchImage;
				INFOPLIST_FILE = TTHorizontalPicker/Info.plist;
				IPHONEOS_DEPLOYMENT_TARGET = 7.0;
				LD_RUNPATH_SEARCH_PATHS = "$(inherited) @executable_path/Frameworks";
				PRODUCT_NAME = "$(TARGET_NAME)";
				TARGETED_DEVICE_FAMILY = "1,2";
			};
			name = Release;
		};
		BD9AF01B199A535C000163A3 /* Debug */ = {
			isa = XCBuildConfiguration;
			buildSettings = {
				BUNDLE_LOADER = "$(TEST_HOST)";
				FRAMEWORK_SEARCH_PATHS = (
					"$(SDKROOT)/Developer/Library/Frameworks",
					"$(inherited)",
				);
				GCC_PREPROCESSOR_DEFINITIONS = (
					"DEBUG=1",
					"$(inherited)",
				);
				INFOPLIST_FILE = TTHorizontalPickerTests/Info.plist;
				LD_RUNPATH_SEARCH_PATHS = "$(inherited) @executable_path/Frameworks @loader_path/Frameworks";
				PRODUCT_NAME = "$(TARGET_NAME)";
				TEST_HOST = "$(BUILT_PRODUCTS_DIR)/TTHorizontalPicker.app/TTHorizontalPicker";
			};
			name = Debug;
		};
		BD9AF01C199A535C000163A3 /* Release */ = {
			isa = XCBuildConfiguration;
			buildSettings = {
				BUNDLE_LOADER = "$(TEST_HOST)";
				FRAMEWORK_SEARCH_PATHS = (
					"$(SDKROOT)/Developer/Library/Frameworks",
					"$(inherited)",
				);
				INFOPLIST_FILE = TTHorizontalPickerTests/Info.plist;
				LD_RUNPATH_SEARCH_PATHS = "$(inherited) @executable_path/Frameworks @loader_path/Frameworks";
				PRODUCT_NAME = "$(TARGET_NAME)";
				TEST_HOST = "$(BUILT_PRODUCTS_DIR)/TTHorizontalPicker.app/TTHorizontalPicker";
			};
			name = Release;
		};
/* End XCBuildConfiguration section */

/* Begin XCConfigurationList section */
		BD9AEFF2199A535C000163A3 /* Build configuration list for PBXProject "TTHorizontalPicker" */ = {
			isa = XCConfigurationList;
			buildConfigurations = (
				BD9AF015199A535C000163A3 /* Debug */,
				BD9AF016199A535C000163A3 /* Release */,
			);
			defaultConfigurationIsVisible = 0;
			defaultConfigurationName = Release;
		};
		BD9AF017199A535C000163A3 /* Build configuration list for PBXNativeTarget "TTHorizontalPicker" */ = {
			isa = XCConfigurationList;
			buildConfigurations = (
				BD9AF018199A535C000163A3 /* Debug */,
				BD9AF019199A535C000163A3 /* Release */,
			);
			defaultConfigurationIsVisible = 0;
			defaultConfigurationName = Release;
		};
		BD9AF01A199A535C000163A3 /* Build configuration list for PBXNativeTarget "TTHorizontalPickerTests" */ = {
			isa = XCConfigurationList;
			buildConfigurations = (
				BD9AF01B199A535C000163A3 /* Debug */,
				BD9AF01C199A535C000163A3 /* Release */,
			);
			defaultConfigurationIsVisible = 0;
			defaultConfigurationName = Release;
		};
/* End XCConfigurationList section */
	};
	rootObject = BD9AEFEF199A535C000163A3 /* Project object */;
}
